
Microsoft Visual Studio Solution File, Format Version 12.00
# Visual Studio 15
VisualStudioVersion = 15.0.28010.2003
MinimumVisualStudioVersion = 10.0.40219.1
Project("{FAE04EC0-301F-11D3-BF4B-00C04F79EFBC}") = "IndoorFootballStrategySimulator", "IndoorFootballStrategySimulator\IndoorFootballStrategySimulator.csproj", "{88615581-B847-44CA-8BA2-30EF5EED448E}"
EndProject
Global
	GlobalSection(SolutionConfigurationPlatforms) = preSolution
		Debug|x86 = Debug|x86
		Release|x86 = Release|x86
	EndGlobalSection
	GlobalSection(ProjectConfigurationPlatforms) = postSolution
		{88615581-B847-44CA-8BA2-30EF5EED448E}.Debug|x86.ActiveCfg = Debug|x86
		{88615581-B847-44CA-8BA2-30EF5EED448E}.Debug|x86.Build.0 = Debug|x86
		{88615581-B847-44CA-8BA2-30EF5EED448E}.Release|x86.ActiveCfg = Release|x86
		{88615581-B847-44CA-8BA2-30EF5EED448E}.Release|x86.Build.0 = Release|x86
	EndGlobalSection
	GlobalSection(SolutionProperties) = preSolution
		HideSolutionNode = FALSE
	EndGlobalSection
	GlobalSection(ExtensibilityGlobals) = postSolution
		SolutionGuid = {AD148A09-21FD-4414-AD29-BFF4555B41DB}
	EndGlobalSection
EndGlobal
